
Microsoft Visual Studio Solution File, Format Version 12.00
# Visual Studio Version 16
VisualStudioVersion = 16.0.31729.503
MinimumVisualStudioVersion = 10.0.40219.1
Project("{9A19103F-16F7-4668-BE54-9A1E7A4F7556}") = "FlightManegment", "FlightManegment\FlightManegment.csproj", "{5AD40C86-FC64-4443-9AA3-05090BEF45B1}"
EndProject
Project("{9A19103F-16F7-4668-BE54-9A1E7A4F7556}") = "UserService", "UserService\UserService.csproj", "{1040B9FB-E207-4388-AEA6-7E2AD92E023A}"
EndProject
Project("{9A19103F-16F7-4668-BE54-9A1E7A4F7556}") = "FlightService", "FlightService\FlightService.csproj", "{B5A9ADD7-C03E-42D1-B150-8139BE8E42F7}"
EndProject
Global
	GlobalSection(SolutionConfigurationPlatforms) = preSolution
		Debug|Any CPU = Debug|Any CPU
		Release|Any CPU = Release|Any CPU
	EndGlobalSection
	GlobalSection(ProjectConfigurationPlatforms) = postSolution
		{5AD40C86-FC64-4443-9AA3-05090BEF45B1}.Debug|Any CPU.ActiveCfg = Debug|Any CPU
		{5AD40C86-FC64-4443-9AA3-05090BEF45B1}.Debug|Any CPU.Build.0 = Debug|Any CPU
		{5AD40C86-FC64-4443-9AA3-05090BEF45B1}.Release|Any CPU.ActiveCfg = Release|Any CPU
		{5AD40C86-FC64-4443-9AA3-05090BEF45B1}.Release|Any CPU.Build.0 = Release|Any CPU
		{1040B9FB-E207-4388-AEA6-7E2AD92E023A}.Debug|Any CPU.ActiveCfg = Debug|Any CPU
		{1040B9FB-E207-4388-AEA6-7E2AD92E023A}.Debug|Any CPU.Build.0 = Debug|Any CPU
		{1040B9FB-E207-4388-AEA6-7E2AD92E023A}.Release|Any CPU.ActiveCfg = Release|Any CPU
		{1040B9FB-E207-4388-AEA6-7E2AD92E023A}.Release|Any CPU.Build.0 = Release|Any CPU
		{B5A9ADD7-C03E-42D1-B150-8139BE8E42F7}.Debug|Any CPU.ActiveCfg = Debug|Any CPU
		{B5A9ADD7-C03E-42D1-B150-8139BE8E42F7}.Debug|Any CPU.Build.0 = Debug|Any CPU
		{B5A9ADD7-C03E-42D1-B150-8139BE8E42F7}.Release|Any CPU.ActiveCfg = Release|Any CPU
		{B5A9ADD7-C03E-42D1-B150-8139BE8E42F7}.Release|Any CPU.Build.0 = Release|Any CPU
	EndGlobalSection
	GlobalSection(SolutionProperties) = preSolution
		HideSolutionNode = FALSE
	EndGlobalSection
	GlobalSection(ExtensibilityGlobals) = postSolution
		SolutionGuid = {7C691E6E-6BDF-4AB7-96C0-2411EE756A78}
	EndGlobalSection
EndGlobal
